
Microsoft Visual Studio Solution File, Format Version 12.00
# Visual Studio Version 16
VisualStudioVersion = 16.0.30114.105
MinimumVisualStudioVersion = 10.0.40219.1
Project("{FAE04EC0-301F-11D3-BF4B-00C04F79EFBC}") = "Resistence.Api", "Resistence.Api\Resistence.Api.csproj", "{83E1BBA8-6366-4F9C-81DF-F5F62E28ED06}"
EndProject
Project("{FAE04EC0-301F-11D3-BF4B-00C04F79EFBC}") = "Resistence.Entities", "Resistence.Entities\Resistence.Entities.csproj", "{8B192ECE-36AD-476D-9460-6D66DA4B52EF}"
EndProject
Project("{FAE04EC0-301F-11D3-BF4B-00C04F79EFBC}") = "Resistence.UseCases", "Resistence.UseCases\Resistence.UseCases.csproj", "{D5E5676A-5583-4523-8C65-B542865D7D11}"
EndProject
Project("{FAE04EC0-301F-11D3-BF4B-00C04F79EFBC}") = "Resistence.Middleware", "Resistence.Middleware\Resistence.Middleware.csproj", "{7F5B6248-6BA9-4588-AEE0-0B221AD90D58}"
EndProject
Project("{FAE04EC0-301F-11D3-BF4B-00C04F79EFBC}") = "Resistence.DI", "Resistence.DI\Resistence.DI.csproj", "{14D7AF80-CC63-4ED8-8A81-0D087B424513}"
EndProject
Project("{FAE04EC0-301F-11D3-BF4B-00C04F79EFBC}") = "Resistence.Interfaces", "Resistence.Interfaces\Resistence.Interfaces.csproj", "{CBB6FA6E-2233-4FAC-894B-C89AFF8A230F}"
EndProject
Global
	GlobalSection(SolutionConfigurationPlatforms) = preSolution
		Debug|Any CPU = Debug|Any CPU
		Debug|x64 = Debug|x64
		Debug|x86 = Debug|x86
		Release|Any CPU = Release|Any CPU
		Release|x64 = Release|x64
		Release|x86 = Release|x86
	EndGlobalSection
	GlobalSection(SolutionProperties) = preSolution
		HideSolutionNode = FALSE
	EndGlobalSection
	GlobalSection(ProjectConfigurationPlatforms) = postSolution
		{83E1BBA8-6366-4F9C-81DF-F5F62E28ED06}.Debug|Any CPU.ActiveCfg = Debug|Any CPU
		{83E1BBA8-6366-4F9C-81DF-F5F62E28ED06}.Debug|Any CPU.Build.0 = Debug|Any CPU
		{83E1BBA8-6366-4F9C-81DF-F5F62E28ED06}.Debug|x64.ActiveCfg = Debug|Any CPU
		{83E1BBA8-6366-4F9C-81DF-F5F62E28ED06}.Debug|x64.Build.0 = Debug|Any CPU
		{83E1BBA8-6366-4F9C-81DF-F5F62E28ED06}.Debug|x86.ActiveCfg = Debug|Any CPU
		{83E1BBA8-6366-4F9C-81DF-F5F62E28ED06}.Debug|x86.Build.0 = Debug|Any CPU
		{83E1BBA8-6366-4F9C-81DF-F5F62E28ED06}.Release|Any CPU.ActiveCfg = Release|Any CPU
		{83E1BBA8-6366-4F9C-81DF-F5F62E28ED06}.Release|Any CPU.Build.0 = Release|Any CPU
		{83E1BBA8-6366-4F9C-81DF-F5F62E28ED06}.Release|x64.ActiveCfg = Release|Any CPU
		{83E1BBA8-6366-4F9C-81DF-F5F62E28ED06}.Release|x64.Build.0 = Release|Any CPU
		{83E1BBA8-6366-4F9C-81DF-F5F62E28ED06}.Release|x86.ActiveCfg = Release|Any CPU
		{83E1BBA8-6366-4F9C-81DF-F5F62E28ED06}.Release|x86.Build.0 = Release|Any CPU
		{8B192ECE-36AD-476D-9460-6D66DA4B52EF}.Debug|Any CPU.ActiveCfg = Debug|Any CPU
		{8B192ECE-36AD-476D-9460-6D66DA4B52EF}.Debug|Any CPU.Build.0 = Debug|Any CPU
		{8B192ECE-36AD-476D-9460-6D66DA4B52EF}.Debug|x64.ActiveCfg = Debug|Any CPU
		{8B192ECE-36AD-476D-9460-6D66DA4B52EF}.Debug|x64.Build.0 = Debug|Any CPU
		{8B192ECE-36AD-476D-9460-6D66DA4B52EF}.Debug|x86.ActiveCfg = Debug|Any CPU
		{8B192ECE-36AD-476D-9460-6D66DA4B52EF}.Debug|x86.Build.0 = Debug|Any CPU
		{8B192ECE-36AD-476D-9460-6D66DA4B52EF}.Release|Any CPU.ActiveCfg = Release|Any CPU
		{8B192ECE-36AD-476D-9460-6D66DA4B52EF}.Release|Any CPU.Build.0 = Release|Any CPU
		{8B192ECE-36AD-476D-9460-6D66DA4B52EF}.Release|x64.ActiveCfg = Release|Any CPU
		{8B192ECE-36AD-476D-9460-6D66DA4B52EF}.Release|x64.Build.0 = Release|Any CPU
		{8B192ECE-36AD-476D-9460-6D66DA4B52EF}.Release|x86.ActiveCfg = Release|Any CPU
		{8B192ECE-36AD-476D-9460-6D66DA4B52EF}.Release|x86.Build.0 = Release|Any CPU
		{D5E5676A-5583-4523-8C65-B542865D7D11}.Debug|Any CPU.ActiveCfg = Debug|Any CPU
		{D5E5676A-5583-4523-8C65-B542865D7D11}.Debug|Any CPU.Build.0 = Debug|Any CPU
		{D5E5676A-5583-4523-8C65-B542865D7D11}.Debug|x64.ActiveCfg = Debug|Any CPU
		{D5E5676A-5583-4523-8C65-B542865D7D11}.Debug|x64.Build.0 = Debug|Any CPU
		{D5E5676A-5583-4523-8C65-B542865D7D11}.Debug|x86.ActiveCfg = Debug|Any CPU
		{D5E5676A-5583-4523-8C65-B542865D7D11}.Debug|x86.Build.0 = Debug|Any CPU
		{D5E5676A-5583-4523-8C65-B542865D7D11}.Release|Any CPU.ActiveCfg = Release|Any CPU
		{D5E5676A-5583-4523-8C65-B542865D7D11}.Release|Any CPU.Build.0 = Release|Any CPU
		{D5E5676A-5583-4523-8C65-B542865D7D11}.Release|x64.ActiveCfg = Release|Any CPU
		{D5E5676A-5583-4523-8C65-B542865D7D11}.Release|x64.Build.0 = Release|Any CPU
		{D5E5676A-5583-4523-8C65-B542865D7D11}.Release|x86.ActiveCfg = Release|Any CPU
		{D5E5676A-5583-4523-8C65-B542865D7D11}.Release|x86.Build.0 = Release|Any CPU
		{7F5B6248-6BA9-4588-AEE0-0B221AD90D58}.Debug|Any CPU.ActiveCfg = Debug|Any CPU
		{7F5B6248-6BA9-4588-AEE0-0B221AD90D58}.Debug|Any CPU.Build.0 = Debug|Any CPU
		{7F5B6248-6BA9-4588-AEE0-0B221AD90D58}.Debug|x64.ActiveCfg = Debug|Any CPU
		{7F5B6248-6BA9-4588-AEE0-0B221AD90D58}.Debug|x64.Build.0 = Debug|Any CPU
		{7F5B6248-6BA9-4588-AEE0-0B221AD90D58}.Debug|x86.ActiveCfg = Debug|Any CPU
		{7F5B6248-6BA9-4588-AEE0-0B221AD90D58}.Debug|x86.Build.0 = Debug|Any CPU
		{7F5B6248-6BA9-4588-AEE0-0B221AD90D58}.Release|Any CPU.ActiveCfg = Release|Any CPU
		{7F5B6248-6BA9-4588-AEE0-0B221AD90D58}.Release|Any CPU.Build.0 = Release|Any CPU
		{7F5B6248-6BA9-4588-AEE0-0B221AD90D58}.Release|x64.ActiveCfg = Release|Any CPU
		{7F5B6248-6BA9-4588-AEE0-0B221AD90D58}.Release|x64.Build.0 = Release|Any CPU
		{7F5B6248-6BA9-4588-AEE0-0B221AD90D58}.Release|x86.ActiveCfg = Release|Any CPU
		{7F5B6248-6BA9-4588-AEE0-0B221AD90D58}.Release|x86.Build.0 = Release|Any CPU
		{14D7AF80-CC63-4ED8-8A81-0D087B424513}.Debug|Any CPU.ActiveCfg = Debug|Any CPU
		{14D7AF80-CC63-4ED8-8A81-0D087B424513}.Debug|Any CPU.Build.0 = Debug|Any CPU
		{14D7AF80-CC63-4ED8-8A81-0D087B424513}.Debug|x64.ActiveCfg = Debug|Any CPU
		{14D7AF80-CC63-4ED8-8A81-0D087B424513}.Debug|x64.Build.0 = Debug|Any CPU
		{14D7AF80-CC63-4ED8-8A81-0D087B424513}.Debug|x86.ActiveCfg = Debug|Any CPU
		{14D7AF80-CC63-4ED8-8A81-0D087B424513}.Debug|x86.Build.0 = Debug|Any CPU
		{14D7AF80-CC63-4ED8-8A81-0D087B424513}.Release|Any CPU.ActiveCfg = Release|Any CPU
		{14D7AF80-CC63-4ED8-8A81-0D087B424513}.Release|Any CPU.Build.0 = Release|Any CPU
		{14D7AF80-CC63-4ED8-8A81-0D087B424513}.Release|x64.ActiveCfg = Release|Any CPU
		{14D7AF80-CC63-4ED8-8A81-0D087B424513}.Release|x64.Build.0 = Release|Any CPU
		{14D7AF80-CC63-4ED8-8A81-0D087B424513}.Release|x86.ActiveCfg = Release|Any CPU
		{14D7AF80-CC63-4ED8-8A81-0D087B424513}.Release|x86.Build.0 = Release|Any CPU
		{CBB6FA6E-2233-4FAC-894B-C89AFF8A230F}.Debug|Any CPU.ActiveCfg = Debug|Any CPU
		{CBB6FA6E-2233-4FAC-894B-C89AFF8A230F}.Debug|Any CPU.Build.0 = Debug|Any CPU
		{CBB6FA6E-2233-4FAC-894B-C89AFF8A230F}.Debug|x64.ActiveCfg = Debug|Any CPU
		{CBB6FA6E-2233-4FAC-894B-C89AFF8A230F}.Debug|x64.Build.0 = Debug|Any CPU
		{CBB6FA6E-2233-4FAC-894B-C89AFF8A230F}.Debug|x86.ActiveCfg = Debug|Any CPU
		{CBB6FA6E-2233-4FAC-894B-C89AFF8A230F}.Debug|x86.Build.0 = Debug|Any CPU
		{CBB6FA6E-2233-4FAC-894B-C89AFF8A230F}.Release|Any CPU.ActiveCfg = Release|Any CPU
		{CBB6FA6E-2233-4FAC-894B-C89AFF8A230F}.Release|Any CPU.Build.0 = Release|Any CPU
		{CBB6FA6E-2233-4FAC-894B-C89AFF8A230F}.Release|x64.ActiveCfg = Release|Any CPU
		{CBB6FA6E-2233-4FAC-894B-C89AFF8A230F}.Release|x64.Build.0 = Release|Any CPU
		{CBB6FA6E-2233-4FAC-894B-C89AFF8A230F}.Release|x86.ActiveCfg = Release|Any CPU
		{CBB6FA6E-2233-4FAC-894B-C89AFF8A230F}.Release|x86.Build.0 = Release|Any CPU
	EndGlobalSection
EndGlobal
