
Microsoft Visual Studio Solution File, Format Version 12.00
# Visual Studio Version 16
VisualStudioVersion = 16.0.30114.105
MinimumVisualStudioVersion = 10.0.40219.1
Project("{2150E333-8FDC-42A3-9474-1A3956D46DE8}") = "tests", "tests", "{F138CC2D-A41B-440B-A693-C0416904FA05}"
EndProject
Project("{FAE04EC0-301F-11D3-BF4B-00C04F79EFBC}") = "Resistence.Tests", "tests\Resistence.Tests\Resistence.Tests.csproj", "{91B1503B-4A8F-4A2A-8311-9C7EE85F3C2B}"
EndProject
Project("{2150E333-8FDC-42A3-9474-1A3956D46DE8}") = "src", "src", "{E5D1E507-F1B9-485B-A8DE-2805988D41EB}"
EndProject
Project("{FAE04EC0-301F-11D3-BF4B-00C04F79EFBC}") = "Resistence.Api", "src\Resistence.Api\Resistence.Api.csproj", "{BA025FE0-9B81-4A12-8FC2-50D84095055E}"
EndProject
Project("{FAE04EC0-301F-11D3-BF4B-00C04F79EFBC}") = "Resistence.DI", "src\Resistence.DI\Resistence.DI.csproj", "{57DA054D-41BA-4200-A540-F1F547D8932C}"
EndProject
Project("{FAE04EC0-301F-11D3-BF4B-00C04F79EFBC}") = "Resistence.Entities", "src\Resistence.Entities\Resistence.Entities.csproj", "{ECF56B32-0D8A-45E3-A402-89382902016C}"
EndProject
Project("{FAE04EC0-301F-11D3-BF4B-00C04F79EFBC}") = "Resistence.Interfaces", "src\Resistence.Interfaces\Resistence.Interfaces.csproj", "{68F02C78-6DE8-4317-800B-575D050B9000}"
EndProject
Project("{FAE04EC0-301F-11D3-BF4B-00C04F79EFBC}") = "Resistence.Middleware", "src\Resistence.Middleware\Resistence.Middleware.csproj", "{6567D661-E26D-4E4A-A5AF-BD6FD162787D}"
EndProject
Project("{FAE04EC0-301F-11D3-BF4B-00C04F79EFBC}") = "Resistence.UseCases", "src\Resistence.UseCases\Resistence.UseCases.csproj", "{1EFAEB71-5A63-41FF-805E-1686E774F9D5}"
EndProject
Global
	GlobalSection(SolutionConfigurationPlatforms) = preSolution
		Debug|Any CPU = Debug|Any CPU
		Debug|x64 = Debug|x64
		Debug|x86 = Debug|x86
		Release|Any CPU = Release|Any CPU
		Release|x64 = Release|x64
		Release|x86 = Release|x86
	EndGlobalSection
	GlobalSection(SolutionProperties) = preSolution
		HideSolutionNode = FALSE
	EndGlobalSection
	GlobalSection(ProjectConfigurationPlatforms) = postSolution
		{91B1503B-4A8F-4A2A-8311-9C7EE85F3C2B}.Debug|Any CPU.ActiveCfg = Debug|Any CPU
		{91B1503B-4A8F-4A2A-8311-9C7EE85F3C2B}.Debug|Any CPU.Build.0 = Debug|Any CPU
		{91B1503B-4A8F-4A2A-8311-9C7EE85F3C2B}.Debug|x64.ActiveCfg = Debug|Any CPU
		{91B1503B-4A8F-4A2A-8311-9C7EE85F3C2B}.Debug|x64.Build.0 = Debug|Any CPU
		{91B1503B-4A8F-4A2A-8311-9C7EE85F3C2B}.Debug|x86.ActiveCfg = Debug|Any CPU
		{91B1503B-4A8F-4A2A-8311-9C7EE85F3C2B}.Debug|x86.Build.0 = Debug|Any CPU
		{91B1503B-4A8F-4A2A-8311-9C7EE85F3C2B}.Release|Any CPU.ActiveCfg = Release|Any CPU
		{91B1503B-4A8F-4A2A-8311-9C7EE85F3C2B}.Release|Any CPU.Build.0 = Release|Any CPU
		{91B1503B-4A8F-4A2A-8311-9C7EE85F3C2B}.Release|x64.ActiveCfg = Release|Any CPU
		{91B1503B-4A8F-4A2A-8311-9C7EE85F3C2B}.Release|x64.Build.0 = Release|Any CPU
		{91B1503B-4A8F-4A2A-8311-9C7EE85F3C2B}.Release|x86.ActiveCfg = Release|Any CPU
		{91B1503B-4A8F-4A2A-8311-9C7EE85F3C2B}.Release|x86.Build.0 = Release|Any CPU
		{BA025FE0-9B81-4A12-8FC2-50D84095055E}.Debug|Any CPU.ActiveCfg = Debug|Any CPU
		{BA025FE0-9B81-4A12-8FC2-50D84095055E}.Debug|Any CPU.Build.0 = Debug|Any CPU
		{BA025FE0-9B81-4A12-8FC2-50D84095055E}.Debug|x64.ActiveCfg = Debug|Any CPU
		{BA025FE0-9B81-4A12-8FC2-50D84095055E}.Debug|x64.Build.0 = Debug|Any CPU
		{BA025FE0-9B81-4A12-8FC2-50D84095055E}.Debug|x86.ActiveCfg = Debug|Any CPU
		{BA025FE0-9B81-4A12-8FC2-50D84095055E}.Debug|x86.Build.0 = Debug|Any CPU
		{BA025FE0-9B81-4A12-8FC2-50D84095055E}.Release|Any CPU.ActiveCfg = Release|Any CPU
		{BA025FE0-9B81-4A12-8FC2-50D84095055E}.Release|Any CPU.Build.0 = Release|Any CPU
		{BA025FE0-9B81-4A12-8FC2-50D84095055E}.Release|x64.ActiveCfg = Release|Any CPU
		{BA025FE0-9B81-4A12-8FC2-50D84095055E}.Release|x64.Build.0 = Release|Any CPU
		{BA025FE0-9B81-4A12-8FC2-50D84095055E}.Release|x86.ActiveCfg = Release|Any CPU
		{BA025FE0-9B81-4A12-8FC2-50D84095055E}.Release|x86.Build.0 = Release|Any CPU
		{57DA054D-41BA-4200-A540-F1F547D8932C}.Debug|Any CPU.ActiveCfg = Debug|Any CPU
		{57DA054D-41BA-4200-A540-F1F547D8932C}.Debug|Any CPU.Build.0 = Debug|Any CPU
		{57DA054D-41BA-4200-A540-F1F547D8932C}.Debug|x64.ActiveCfg = Debug|Any CPU
		{57DA054D-41BA-4200-A540-F1F547D8932C}.Debug|x64.Build.0 = Debug|Any CPU
		{57DA054D-41BA-4200-A540-F1F547D8932C}.Debug|x86.ActiveCfg = Debug|Any CPU
		{57DA054D-41BA-4200-A540-F1F547D8932C}.Debug|x86.Build.0 = Debug|Any CPU
		{57DA054D-41BA-4200-A540-F1F547D8932C}.Release|Any CPU.ActiveCfg = Release|Any CPU
		{57DA054D-41BA-4200-A540-F1F547D8932C}.Release|Any CPU.Build.0 = Release|Any CPU
		{57DA054D-41BA-4200-A540-F1F547D8932C}.Release|x64.ActiveCfg = Release|Any CPU
		{57DA054D-41BA-4200-A540-F1F547D8932C}.Release|x64.Build.0 = Release|Any CPU
		{57DA054D-41BA-4200-A540-F1F547D8932C}.Release|x86.ActiveCfg = Release|Any CPU
		{57DA054D-41BA-4200-A540-F1F547D8932C}.Release|x86.Build.0 = Release|Any CPU
		{ECF56B32-0D8A-45E3-A402-89382902016C}.Debug|Any CPU.ActiveCfg = Debug|Any CPU
		{ECF56B32-0D8A-45E3-A402-89382902016C}.Debug|Any CPU.Build.0 = Debug|Any CPU
		{ECF56B32-0D8A-45E3-A402-89382902016C}.Debug|x64.ActiveCfg = Debug|Any CPU
		{ECF56B32-0D8A-45E3-A402-89382902016C}.Debug|x64.Build.0 = Debug|Any CPU
		{ECF56B32-0D8A-45E3-A402-89382902016C}.Debug|x86.ActiveCfg = Debug|Any CPU
		{ECF56B32-0D8A-45E3-A402-89382902016C}.Debug|x86.Build.0 = Debug|Any CPU
		{ECF56B32-0D8A-45E3-A402-89382902016C}.Release|Any CPU.ActiveCfg = Release|Any CPU
		{ECF56B32-0D8A-45E3-A402-89382902016C}.Release|Any CPU.Build.0 = Release|Any CPU
		{ECF56B32-0D8A-45E3-A402-89382902016C}.Release|x64.ActiveCfg = Release|Any CPU
		{ECF56B32-0D8A-45E3-A402-89382902016C}.Release|x64.Build.0 = Release|Any CPU
		{ECF56B32-0D8A-45E3-A402-89382902016C}.Release|x86.ActiveCfg = Release|Any CPU
		{ECF56B32-0D8A-45E3-A402-89382902016C}.Release|x86.Build.0 = Release|Any CPU
		{68F02C78-6DE8-4317-800B-575D050B9000}.Debug|Any CPU.ActiveCfg = Debug|Any CPU
		{68F02C78-6DE8-4317-800B-575D050B9000}.Debug|Any CPU.Build.0 = Debug|Any CPU
		{68F02C78-6DE8-4317-800B-575D050B9000}.Debug|x64.ActiveCfg = Debug|Any CPU
		{68F02C78-6DE8-4317-800B-575D050B9000}.Debug|x64.Build.0 = Debug|Any CPU
		{68F02C78-6DE8-4317-800B-575D050B9000}.Debug|x86.ActiveCfg = Debug|Any CPU
		{68F02C78-6DE8-4317-800B-575D050B9000}.Debug|x86.Build.0 = Debug|Any CPU
		{68F02C78-6DE8-4317-800B-575D050B9000}.Release|Any CPU.ActiveCfg = Release|Any CPU
		{68F02C78-6DE8-4317-800B-575D050B9000}.Release|Any CPU.Build.0 = Release|Any CPU
		{68F02C78-6DE8-4317-800B-575D050B9000}.Release|x64.ActiveCfg = Release|Any CPU
		{68F02C78-6DE8-4317-800B-575D050B9000}.Release|x64.Build.0 = Release|Any CPU
		{68F02C78-6DE8-4317-800B-575D050B9000}.Release|x86.ActiveCfg = Release|Any CPU
		{68F02C78-6DE8-4317-800B-575D050B9000}.Release|x86.Build.0 = Release|Any CPU
		{6567D661-E26D-4E4A-A5AF-BD6FD162787D}.Debug|Any CPU.ActiveCfg = Debug|Any CPU
		{6567D661-E26D-4E4A-A5AF-BD6FD162787D}.Debug|Any CPU.Build.0 = Debug|Any CPU
		{6567D661-E26D-4E4A-A5AF-BD6FD162787D}.Debug|x64.ActiveCfg = Debug|Any CPU
		{6567D661-E26D-4E4A-A5AF-BD6FD162787D}.Debug|x64.Build.0 = Debug|Any CPU
		{6567D661-E26D-4E4A-A5AF-BD6FD162787D}.Debug|x86.ActiveCfg = Debug|Any CPU
		{6567D661-E26D-4E4A-A5AF-BD6FD162787D}.Debug|x86.Build.0 = Debug|Any CPU
		{6567D661-E26D-4E4A-A5AF-BD6FD162787D}.Release|Any CPU.ActiveCfg = Release|Any CPU
		{6567D661-E26D-4E4A-A5AF-BD6FD162787D}.Release|Any CPU.Build.0 = Release|Any CPU
		{6567D661-E26D-4E4A-A5AF-BD6FD162787D}.Release|x64.ActiveCfg = Release|Any CPU
		{6567D661-E26D-4E4A-A5AF-BD6FD162787D}.Release|x64.Build.0 = Release|Any CPU
		{6567D661-E26D-4E4A-A5AF-BD6FD162787D}.Release|x86.ActiveCfg = Release|Any CPU
		{6567D661-E26D-4E4A-A5AF-BD6FD162787D}.Release|x86.Build.0 = Release|Any CPU
		{1EFAEB71-5A63-41FF-805E-1686E774F9D5}.Debug|Any CPU.ActiveCfg = Debug|Any CPU
		{1EFAEB71-5A63-41FF-805E-1686E774F9D5}.Debug|Any CPU.Build.0 = Debug|Any CPU
		{1EFAEB71-5A63-41FF-805E-1686E774F9D5}.Debug|x64.ActiveCfg = Debug|Any CPU
		{1EFAEB71-5A63-41FF-805E-1686E774F9D5}.Debug|x64.Build.0 = Debug|Any CPU
		{1EFAEB71-5A63-41FF-805E-1686E774F9D5}.Debug|x86.ActiveCfg = Debug|Any CPU
		{1EFAEB71-5A63-41FF-805E-1686E774F9D5}.Debug|x86.Build.0 = Debug|Any CPU
		{1EFAEB71-5A63-41FF-805E-1686E774F9D5}.Release|Any CPU.ActiveCfg = Release|Any CPU
		{1EFAEB71-5A63-41FF-805E-1686E774F9D5}.Release|Any CPU.Build.0 = Release|Any CPU
		{1EFAEB71-5A63-41FF-805E-1686E774F9D5}.Release|x64.ActiveCfg = Release|Any CPU
		{1EFAEB71-5A63-41FF-805E-1686E774F9D5}.Release|x64.Build.0 = Release|Any CPU
		{1EFAEB71-5A63-41FF-805E-1686E774F9D5}.Release|x86.ActiveCfg = Release|Any CPU
		{1EFAEB71-5A63-41FF-805E-1686E774F9D5}.Release|x86.Build.0 = Release|Any CPU
	EndGlobalSection
	GlobalSection(NestedProjects) = preSolution
		{91B1503B-4A8F-4A2A-8311-9C7EE85F3C2B} = {F138CC2D-A41B-440B-A693-C0416904FA05}
		{BA025FE0-9B81-4A12-8FC2-50D84095055E} = {E5D1E507-F1B9-485B-A8DE-2805988D41EB}
		{57DA054D-41BA-4200-A540-F1F547D8932C} = {E5D1E507-F1B9-485B-A8DE-2805988D41EB}
		{ECF56B32-0D8A-45E3-A402-89382902016C} = {E5D1E507-F1B9-485B-A8DE-2805988D41EB}
		{68F02C78-6DE8-4317-800B-575D050B9000} = {E5D1E507-F1B9-485B-A8DE-2805988D41EB}
		{6567D661-E26D-4E4A-A5AF-BD6FD162787D} = {E5D1E507-F1B9-485B-A8DE-2805988D41EB}
		{1EFAEB71-5A63-41FF-805E-1686E774F9D5} = {E5D1E507-F1B9-485B-A8DE-2805988D41EB}
	EndGlobalSection
EndGlobal
