
Microsoft Visual Studio Solution File, Format Version 12.00
# Visual Studio 15
VisualStudioVersion = 15.0.26124.0
MinimumVisualStudioVersion = 15.0.26124.0
Project("{2150E333-8FDC-42A3-9474-1A3956D46DE8}") = "src", "src", "{F5631CF7-9D12-411E-90C4-2374B3088D7C}"
EndProject
Project("{FAE04EC0-301F-11D3-BF4B-00C04F79EFBC}") = "Resistence.Api", "src\Resistence.Api\Resistence.Api.csproj", "{CD7FB1A8-A921-4A0F-8EFA-579A60803119}"
EndProject
Project("{FAE04EC0-301F-11D3-BF4B-00C04F79EFBC}") = "Resistence.DI", "src\Resistence.DI\Resistence.DI.csproj", "{AB46B039-4EBB-42B0-BA07-9A9D54B5F736}"
EndProject
Project("{FAE04EC0-301F-11D3-BF4B-00C04F79EFBC}") = "Resistence.Entities", "src\Resistence.Entities\Resistence.Entities.csproj", "{96B366C3-8A5E-4BA8-8806-965E77F314A3}"
EndProject
Project("{FAE04EC0-301F-11D3-BF4B-00C04F79EFBC}") = "Resistence.Interfaces", "src\Resistence.Interfaces\Resistence.Interfaces.csproj", "{94C05590-43C0-496B-BDFA-FEA5B083C860}"
EndProject
Project("{FAE04EC0-301F-11D3-BF4B-00C04F79EFBC}") = "Resistence.Middleware", "src\Resistence.Middleware\Resistence.Middleware.csproj", "{8310F147-FCB6-4147-86B1-B8CF2FC40ED0}"
EndProject
Project("{FAE04EC0-301F-11D3-BF4B-00C04F79EFBC}") = "Resistence.UseCases", "src\Resistence.UseCases\Resistence.UseCases.csproj", "{BAD8537B-AACC-4D51-8CEC-AA4B64108C74}"
EndProject
Project("{2150E333-8FDC-42A3-9474-1A3956D46DE8}") = "tests", "tests", "{3A947C23-B284-47A4-8561-CC2741A42D81}"
EndProject
Project("{FAE04EC0-301F-11D3-BF4B-00C04F79EFBC}") = "Resistence.Tests", "tests\Resistence.Tests\Resistence.Tests.csproj", "{645B6420-EBA3-4A80-9738-9E671D6829F8}"
EndProject
Global
	GlobalSection(SolutionConfigurationPlatforms) = preSolution
		Debug|Any CPU = Debug|Any CPU
		Debug|x64 = Debug|x64
		Debug|x86 = Debug|x86
		Release|Any CPU = Release|Any CPU
		Release|x64 = Release|x64
		Release|x86 = Release|x86
	EndGlobalSection
	GlobalSection(SolutionProperties) = preSolution
		HideSolutionNode = FALSE
	EndGlobalSection
	GlobalSection(ProjectConfigurationPlatforms) = postSolution
		{CD7FB1A8-A921-4A0F-8EFA-579A60803119}.Debug|Any CPU.ActiveCfg = Debug|Any CPU
		{CD7FB1A8-A921-4A0F-8EFA-579A60803119}.Debug|Any CPU.Build.0 = Debug|Any CPU
		{CD7FB1A8-A921-4A0F-8EFA-579A60803119}.Debug|x64.ActiveCfg = Debug|Any CPU
		{CD7FB1A8-A921-4A0F-8EFA-579A60803119}.Debug|x64.Build.0 = Debug|Any CPU
		{CD7FB1A8-A921-4A0F-8EFA-579A60803119}.Debug|x86.ActiveCfg = Debug|Any CPU
		{CD7FB1A8-A921-4A0F-8EFA-579A60803119}.Debug|x86.Build.0 = Debug|Any CPU
		{CD7FB1A8-A921-4A0F-8EFA-579A60803119}.Release|Any CPU.ActiveCfg = Release|Any CPU
		{CD7FB1A8-A921-4A0F-8EFA-579A60803119}.Release|Any CPU.Build.0 = Release|Any CPU
		{CD7FB1A8-A921-4A0F-8EFA-579A60803119}.Release|x64.ActiveCfg = Release|Any CPU
		{CD7FB1A8-A921-4A0F-8EFA-579A60803119}.Release|x64.Build.0 = Release|Any CPU
		{CD7FB1A8-A921-4A0F-8EFA-579A60803119}.Release|x86.ActiveCfg = Release|Any CPU
		{CD7FB1A8-A921-4A0F-8EFA-579A60803119}.Release|x86.Build.0 = Release|Any CPU
		{AB46B039-4EBB-42B0-BA07-9A9D54B5F736}.Debug|Any CPU.ActiveCfg = Debug|Any CPU
		{AB46B039-4EBB-42B0-BA07-9A9D54B5F736}.Debug|Any CPU.Build.0 = Debug|Any CPU
		{AB46B039-4EBB-42B0-BA07-9A9D54B5F736}.Debug|x64.ActiveCfg = Debug|Any CPU
		{AB46B039-4EBB-42B0-BA07-9A9D54B5F736}.Debug|x64.Build.0 = Debug|Any CPU
		{AB46B039-4EBB-42B0-BA07-9A9D54B5F736}.Debug|x86.ActiveCfg = Debug|Any CPU
		{AB46B039-4EBB-42B0-BA07-9A9D54B5F736}.Debug|x86.Build.0 = Debug|Any CPU
		{AB46B039-4EBB-42B0-BA07-9A9D54B5F736}.Release|Any CPU.ActiveCfg = Release|Any CPU
		{AB46B039-4EBB-42B0-BA07-9A9D54B5F736}.Release|Any CPU.Build.0 = Release|Any CPU
		{AB46B039-4EBB-42B0-BA07-9A9D54B5F736}.Release|x64.ActiveCfg = Release|Any CPU
		{AB46B039-4EBB-42B0-BA07-9A9D54B5F736}.Release|x64.Build.0 = Release|Any CPU
		{AB46B039-4EBB-42B0-BA07-9A9D54B5F736}.Release|x86.ActiveCfg = Release|Any CPU
		{AB46B039-4EBB-42B0-BA07-9A9D54B5F736}.Release|x86.Build.0 = Release|Any CPU
		{96B366C3-8A5E-4BA8-8806-965E77F314A3}.Debug|Any CPU.ActiveCfg = Debug|Any CPU
		{96B366C3-8A5E-4BA8-8806-965E77F314A3}.Debug|Any CPU.Build.0 = Debug|Any CPU
		{96B366C3-8A5E-4BA8-8806-965E77F314A3}.Debug|x64.ActiveCfg = Debug|Any CPU
		{96B366C3-8A5E-4BA8-8806-965E77F314A3}.Debug|x64.Build.0 = Debug|Any CPU
		{96B366C3-8A5E-4BA8-8806-965E77F314A3}.Debug|x86.ActiveCfg = Debug|Any CPU
		{96B366C3-8A5E-4BA8-8806-965E77F314A3}.Debug|x86.Build.0 = Debug|Any CPU
		{96B366C3-8A5E-4BA8-8806-965E77F314A3}.Release|Any CPU.ActiveCfg = Release|Any CPU
		{96B366C3-8A5E-4BA8-8806-965E77F314A3}.Release|Any CPU.Build.0 = Release|Any CPU
		{96B366C3-8A5E-4BA8-8806-965E77F314A3}.Release|x64.ActiveCfg = Release|Any CPU
		{96B366C3-8A5E-4BA8-8806-965E77F314A3}.Release|x64.Build.0 = Release|Any CPU
		{96B366C3-8A5E-4BA8-8806-965E77F314A3}.Release|x86.ActiveCfg = Release|Any CPU
		{96B366C3-8A5E-4BA8-8806-965E77F314A3}.Release|x86.Build.0 = Release|Any CPU
		{94C05590-43C0-496B-BDFA-FEA5B083C860}.Debug|Any CPU.ActiveCfg = Debug|Any CPU
		{94C05590-43C0-496B-BDFA-FEA5B083C860}.Debug|Any CPU.Build.0 = Debug|Any CPU
		{94C05590-43C0-496B-BDFA-FEA5B083C860}.Debug|x64.ActiveCfg = Debug|Any CPU
		{94C05590-43C0-496B-BDFA-FEA5B083C860}.Debug|x64.Build.0 = Debug|Any CPU
		{94C05590-43C0-496B-BDFA-FEA5B083C860}.Debug|x86.ActiveCfg = Debug|Any CPU
		{94C05590-43C0-496B-BDFA-FEA5B083C860}.Debug|x86.Build.0 = Debug|Any CPU
		{94C05590-43C0-496B-BDFA-FEA5B083C860}.Release|Any CPU.ActiveCfg = Release|Any CPU
		{94C05590-43C0-496B-BDFA-FEA5B083C860}.Release|Any CPU.Build.0 = Release|Any CPU
		{94C05590-43C0-496B-BDFA-FEA5B083C860}.Release|x64.ActiveCfg = Release|Any CPU
		{94C05590-43C0-496B-BDFA-FEA5B083C860}.Release|x64.Build.0 = Release|Any CPU
		{94C05590-43C0-496B-BDFA-FEA5B083C860}.Release|x86.ActiveCfg = Release|Any CPU
		{94C05590-43C0-496B-BDFA-FEA5B083C860}.Release|x86.Build.0 = Release|Any CPU
		{8310F147-FCB6-4147-86B1-B8CF2FC40ED0}.Debug|Any CPU.ActiveCfg = Debug|Any CPU
		{8310F147-FCB6-4147-86B1-B8CF2FC40ED0}.Debug|Any CPU.Build.0 = Debug|Any CPU
		{8310F147-FCB6-4147-86B1-B8CF2FC40ED0}.Debug|x64.ActiveCfg = Debug|Any CPU
		{8310F147-FCB6-4147-86B1-B8CF2FC40ED0}.Debug|x64.Build.0 = Debug|Any CPU
		{8310F147-FCB6-4147-86B1-B8CF2FC40ED0}.Debug|x86.ActiveCfg = Debug|Any CPU
		{8310F147-FCB6-4147-86B1-B8CF2FC40ED0}.Debug|x86.Build.0 = Debug|Any CPU
		{8310F147-FCB6-4147-86B1-B8CF2FC40ED0}.Release|Any CPU.ActiveCfg = Release|Any CPU
		{8310F147-FCB6-4147-86B1-B8CF2FC40ED0}.Release|Any CPU.Build.0 = Release|Any CPU
		{8310F147-FCB6-4147-86B1-B8CF2FC40ED0}.Release|x64.ActiveCfg = Release|Any CPU
		{8310F147-FCB6-4147-86B1-B8CF2FC40ED0}.Release|x64.Build.0 = Release|Any CPU
		{8310F147-FCB6-4147-86B1-B8CF2FC40ED0}.Release|x86.ActiveCfg = Release|Any CPU
		{8310F147-FCB6-4147-86B1-B8CF2FC40ED0}.Release|x86.Build.0 = Release|Any CPU
		{BAD8537B-AACC-4D51-8CEC-AA4B64108C74}.Debug|Any CPU.ActiveCfg = Debug|Any CPU
		{BAD8537B-AACC-4D51-8CEC-AA4B64108C74}.Debug|Any CPU.Build.0 = Debug|Any CPU
		{BAD8537B-AACC-4D51-8CEC-AA4B64108C74}.Debug|x64.ActiveCfg = Debug|Any CPU
		{BAD8537B-AACC-4D51-8CEC-AA4B64108C74}.Debug|x64.Build.0 = Debug|Any CPU
		{BAD8537B-AACC-4D51-8CEC-AA4B64108C74}.Debug|x86.ActiveCfg = Debug|Any CPU
		{BAD8537B-AACC-4D51-8CEC-AA4B64108C74}.Debug|x86.Build.0 = Debug|Any CPU
		{BAD8537B-AACC-4D51-8CEC-AA4B64108C74}.Release|Any CPU.ActiveCfg = Release|Any CPU
		{BAD8537B-AACC-4D51-8CEC-AA4B64108C74}.Release|Any CPU.Build.0 = Release|Any CPU
		{BAD8537B-AACC-4D51-8CEC-AA4B64108C74}.Release|x64.ActiveCfg = Release|Any CPU
		{BAD8537B-AACC-4D51-8CEC-AA4B64108C74}.Release|x64.Build.0 = Release|Any CPU
		{BAD8537B-AACC-4D51-8CEC-AA4B64108C74}.Release|x86.ActiveCfg = Release|Any CPU
		{BAD8537B-AACC-4D51-8CEC-AA4B64108C74}.Release|x86.Build.0 = Release|Any CPU
		{645B6420-EBA3-4A80-9738-9E671D6829F8}.Debug|Any CPU.ActiveCfg = Debug|Any CPU
		{645B6420-EBA3-4A80-9738-9E671D6829F8}.Debug|Any CPU.Build.0 = Debug|Any CPU
		{645B6420-EBA3-4A80-9738-9E671D6829F8}.Debug|x64.ActiveCfg = Debug|Any CPU
		{645B6420-EBA3-4A80-9738-9E671D6829F8}.Debug|x64.Build.0 = Debug|Any CPU
		{645B6420-EBA3-4A80-9738-9E671D6829F8}.Debug|x86.ActiveCfg = Debug|Any CPU
		{645B6420-EBA3-4A80-9738-9E671D6829F8}.Debug|x86.Build.0 = Debug|Any CPU
		{645B6420-EBA3-4A80-9738-9E671D6829F8}.Release|Any CPU.ActiveCfg = Release|Any CPU
		{645B6420-EBA3-4A80-9738-9E671D6829F8}.Release|Any CPU.Build.0 = Release|Any CPU
		{645B6420-EBA3-4A80-9738-9E671D6829F8}.Release|x64.ActiveCfg = Release|Any CPU
		{645B6420-EBA3-4A80-9738-9E671D6829F8}.Release|x64.Build.0 = Release|Any CPU
		{645B6420-EBA3-4A80-9738-9E671D6829F8}.Release|x86.ActiveCfg = Release|Any CPU
		{645B6420-EBA3-4A80-9738-9E671D6829F8}.Release|x86.Build.0 = Release|Any CPU
	EndGlobalSection
	GlobalSection(NestedProjects) = preSolution
		{CD7FB1A8-A921-4A0F-8EFA-579A60803119} = {F5631CF7-9D12-411E-90C4-2374B3088D7C}
		{AB46B039-4EBB-42B0-BA07-9A9D54B5F736} = {F5631CF7-9D12-411E-90C4-2374B3088D7C}
		{96B366C3-8A5E-4BA8-8806-965E77F314A3} = {F5631CF7-9D12-411E-90C4-2374B3088D7C}
		{94C05590-43C0-496B-BDFA-FEA5B083C860} = {F5631CF7-9D12-411E-90C4-2374B3088D7C}
		{8310F147-FCB6-4147-86B1-B8CF2FC40ED0} = {F5631CF7-9D12-411E-90C4-2374B3088D7C}
		{BAD8537B-AACC-4D51-8CEC-AA4B64108C74} = {F5631CF7-9D12-411E-90C4-2374B3088D7C}
		{645B6420-EBA3-4A80-9738-9E671D6829F8} = {3A947C23-B284-47A4-8561-CC2741A42D81}
	EndGlobalSection
EndGlobal
